
Microsoft Visual Studio Solution File, Format Version 12.00
# Visual Studio Version 16
VisualStudioVersion = 16.0.31410.357
MinimumVisualStudioVersion = 10.0.40219.1
Project("{FAE04EC0-301F-11D3-BF4B-00C04F79EFBC}") = "DataAdapterProgram", "DataAdapterProgram\DataAdapterProgram.csproj", "{F73BC966-7464-468B-A25C-5816F1ECCA55}"
EndProject
Global
	GlobalSection(SolutionConfigurationPlatforms) = preSolution
		Debug|Any CPU = Debug|Any CPU
		Release|Any CPU = Release|Any CPU
	EndGlobalSection
	GlobalSection(ProjectConfigurationPlatforms) = postSolution
		{F73BC966-7464-468B-A25C-5816F1ECCA55}.Debug|Any CPU.ActiveCfg = Debug|Any CPU
		{F73BC966-7464-468B-A25C-5816F1ECCA55}.Debug|Any CPU.Build.0 = Debug|Any CPU
		{F73BC966-7464-468B-A25C-5816F1ECCA55}.Release|Any CPU.ActiveCfg = Release|Any CPU
		{F73BC966-7464-468B-A25C-5816F1ECCA55}.Release|Any CPU.Build.0 = Release|Any CPU
	EndGlobalSection
	GlobalSection(SolutionProperties) = preSolution
		HideSolutionNode = FALSE
	EndGlobalSection
	GlobalSection(ExtensibilityGlobals) = postSolution
		SolutionGuid = {D81DB6C7-4125-43D0-AB8F-2F035F6FF195}
	EndGlobalSection
EndGlobal
