
Microsoft Visual Studio Solution File, Format Version 12.00
# Visual Studio Version 16
VisualStudioVersion = 16.0.31410.357
MinimumVisualStudioVersion = 10.0.40219.1
Project("{FAE04EC0-301F-11D3-BF4B-00C04F79EFBC}") = "ITMO.ADO.NET", "ITMO.ADO.NET\ITMO.ADO.NET.csproj", "{7E91BED6-A42E-4B80-AE02-6FAB1B830E3B}"
EndProject
Global
	GlobalSection(SolutionConfigurationPlatforms) = preSolution
		Debug|Any CPU = Debug|Any CPU
		Release|Any CPU = Release|Any CPU
	EndGlobalSection
	GlobalSection(ProjectConfigurationPlatforms) = postSolution
		{7E91BED6-A42E-4B80-AE02-6FAB1B830E3B}.Debug|Any CPU.ActiveCfg = Debug|Any CPU
		{7E91BED6-A42E-4B80-AE02-6FAB1B830E3B}.Debug|Any CPU.Build.0 = Debug|Any CPU
		{7E91BED6-A42E-4B80-AE02-6FAB1B830E3B}.Release|Any CPU.ActiveCfg = Release|Any CPU
		{7E91BED6-A42E-4B80-AE02-6FAB1B830E3B}.Release|Any CPU.Build.0 = Release|Any CPU
	EndGlobalSection
	GlobalSection(SolutionProperties) = preSolution
		HideSolutionNode = FALSE
	EndGlobalSection
	GlobalSection(ExtensibilityGlobals) = postSolution
		SolutionGuid = {A84BF366-F304-4F2A-AA98-4FB8A05434E5}
	EndGlobalSection
EndGlobal
