
Microsoft Visual Studio Solution File, Format Version 12.00
# Visual Studio Version 16
VisualStudioVersion = 16.0.31410.357
MinimumVisualStudioVersion = 10.0.40219.1
Project("{FAE04EC0-301F-11D3-BF4B-00C04F79EFBC}") = "CourseManager", "CourseManager\CourseManager.csproj", "{0BC95C19-1499-4D86-AAB0-918B54E578CD}"
EndProject
Global
	GlobalSection(SolutionConfigurationPlatforms) = preSolution
		Debug|Any CPU = Debug|Any CPU
		Release|Any CPU = Release|Any CPU
	EndGlobalSection
	GlobalSection(ProjectConfigurationPlatforms) = postSolution
		{0BC95C19-1499-4D86-AAB0-918B54E578CD}.Debug|Any CPU.ActiveCfg = Debug|Any CPU
		{0BC95C19-1499-4D86-AAB0-918B54E578CD}.Debug|Any CPU.Build.0 = Debug|Any CPU
		{0BC95C19-1499-4D86-AAB0-918B54E578CD}.Release|Any CPU.ActiveCfg = Release|Any CPU
		{0BC95C19-1499-4D86-AAB0-918B54E578CD}.Release|Any CPU.Build.0 = Release|Any CPU
	EndGlobalSection
	GlobalSection(SolutionProperties) = preSolution
		HideSolutionNode = FALSE
	EndGlobalSection
	GlobalSection(ExtensibilityGlobals) = postSolution
		SolutionGuid = {8457A1A3-B477-4D4D-A707-45F36518981E}
	EndGlobalSection
EndGlobal
