
Microsoft Visual Studio Solution File, Format Version 12.00
# Visual Studio Version 16
VisualStudioVersion = 16.0.31410.357
MinimumVisualStudioVersion = 10.0.40219.1
Project("{FAE04EC0-301F-11D3-BF4B-00C04F79EFBC}") = "Linq_Student", "Linq_Student\Linq_Student.csproj", "{AB682D31-52A4-471C-9213-69C4F10EA08A}"
EndProject
Global
	GlobalSection(SolutionConfigurationPlatforms) = preSolution
		Debug|Any CPU = Debug|Any CPU
		Release|Any CPU = Release|Any CPU
	EndGlobalSection
	GlobalSection(ProjectConfigurationPlatforms) = postSolution
		{AB682D31-52A4-471C-9213-69C4F10EA08A}.Debug|Any CPU.ActiveCfg = Debug|Any CPU
		{AB682D31-52A4-471C-9213-69C4F10EA08A}.Debug|Any CPU.Build.0 = Debug|Any CPU
		{AB682D31-52A4-471C-9213-69C4F10EA08A}.Release|Any CPU.ActiveCfg = Release|Any CPU
		{AB682D31-52A4-471C-9213-69C4F10EA08A}.Release|Any CPU.Build.0 = Release|Any CPU
	EndGlobalSection
	GlobalSection(SolutionProperties) = preSolution
		HideSolutionNode = FALSE
	EndGlobalSection
	GlobalSection(ExtensibilityGlobals) = postSolution
		SolutionGuid = {BDB4CCDB-8BA7-45AD-942E-F6E8DB7096A9}
	EndGlobalSection
EndGlobal
