
Microsoft Visual Studio Solution File, Format Version 12.00
# Visual Studio Version 16
VisualStudioVersion = 16.0.31410.357
MinimumVisualStudioVersion = 10.0.40219.1
Project("{FAE04EC0-301F-11D3-BF4B-00C04F79EFBC}") = "CreatingDataTable", "CreatingDataTable\CreatingDataTable.csproj", "{B30D8145-5E92-4ECD-9536-D69ACE32FA0A}"
EndProject
Global
	GlobalSection(SolutionConfigurationPlatforms) = preSolution
		Debug|Any CPU = Debug|Any CPU
		Release|Any CPU = Release|Any CPU
	EndGlobalSection
	GlobalSection(ProjectConfigurationPlatforms) = postSolution
		{B30D8145-5E92-4ECD-9536-D69ACE32FA0A}.Debug|Any CPU.ActiveCfg = Debug|Any CPU
		{B30D8145-5E92-4ECD-9536-D69ACE32FA0A}.Debug|Any CPU.Build.0 = Debug|Any CPU
		{B30D8145-5E92-4ECD-9536-D69ACE32FA0A}.Release|Any CPU.ActiveCfg = Release|Any CPU
		{B30D8145-5E92-4ECD-9536-D69ACE32FA0A}.Release|Any CPU.Build.0 = Release|Any CPU
	EndGlobalSection
	GlobalSection(SolutionProperties) = preSolution
		HideSolutionNode = FALSE
	EndGlobalSection
	GlobalSection(ExtensibilityGlobals) = postSolution
		SolutionGuid = {CB168650-E025-430D-9873-E7F6911ADAA4}
	EndGlobalSection
EndGlobal
