
Microsoft Visual Studio Solution File, Format Version 12.00
# Visual Studio Version 16
VisualStudioVersion = 16.0.31410.357
MinimumVisualStudioVersion = 10.0.40219.1
Project("{FAE04EC0-301F-11D3-BF4B-00C04F79EFBC}") = "CustomerManager", "CustomerManager\CustomerManager.csproj", "{7B5FDFC9-EEE5-4946-AA11-4417EE2E8E72}"
EndProject
Project("{FAE04EC0-301F-11D3-BF4B-00C04F79EFBC}") = "CodeFirst", "CodeFirst\CodeFirst.csproj", "{CF8D7327-A723-4988-9274-BA46758D6662}"
EndProject
Global
	GlobalSection(SolutionConfigurationPlatforms) = preSolution
		Debug|Any CPU = Debug|Any CPU
		Release|Any CPU = Release|Any CPU
	EndGlobalSection
	GlobalSection(ProjectConfigurationPlatforms) = postSolution
		{7B5FDFC9-EEE5-4946-AA11-4417EE2E8E72}.Debug|Any CPU.ActiveCfg = Debug|Any CPU
		{7B5FDFC9-EEE5-4946-AA11-4417EE2E8E72}.Debug|Any CPU.Build.0 = Debug|Any CPU
		{7B5FDFC9-EEE5-4946-AA11-4417EE2E8E72}.Release|Any CPU.ActiveCfg = Release|Any CPU
		{7B5FDFC9-EEE5-4946-AA11-4417EE2E8E72}.Release|Any CPU.Build.0 = Release|Any CPU
		{CF8D7327-A723-4988-9274-BA46758D6662}.Debug|Any CPU.ActiveCfg = Debug|Any CPU
		{CF8D7327-A723-4988-9274-BA46758D6662}.Debug|Any CPU.Build.0 = Debug|Any CPU
		{CF8D7327-A723-4988-9274-BA46758D6662}.Release|Any CPU.ActiveCfg = Release|Any CPU
		{CF8D7327-A723-4988-9274-BA46758D6662}.Release|Any CPU.Build.0 = Release|Any CPU
	EndGlobalSection
	GlobalSection(SolutionProperties) = preSolution
		HideSolutionNode = FALSE
	EndGlobalSection
	GlobalSection(ExtensibilityGlobals) = postSolution
		SolutionGuid = {6F1CA6E6-C84C-4B0A-A4E0-DBBC97D0CA2F}
	EndGlobalSection
EndGlobal
